
Microsoft Visual Studio Solution File, Format Version 12.00
# Visual Studio Version 17
VisualStudioVersion = 17.14.36301.6 d17.14
MinimumVisualStudioVersion = 10.0.40219.1
Project("{FAE04EC0-301F-11D3-BF4B-00C04F79EFBC}") = "GMTReportGenerater_api", "GMTReportGenerater_api.csproj", "{CE955066-A308-48A2-9BB7-10A028AB1127}"
EndProject
Global
	GlobalSection(SolutionConfigurationPlatforms) = preSolution
		Debug|Any CPU = Debug|Any CPU
		Release|Any CPU = Release|Any CPU
	EndGlobalSection
	GlobalSection(ProjectConfigurationPlatforms) = postSolution
		{CE955066-A308-48A2-9BB7-10A028AB1127}.Debug|Any CPU.ActiveCfg = Debug|Any CPU
		{CE955066-A308-48A2-9BB7-10A028AB1127}.Debug|Any CPU.Build.0 = Debug|Any CPU
		{CE955066-A308-48A2-9BB7-10A028AB1127}.Release|Any CPU.ActiveCfg = Release|Any CPU
		{CE955066-A308-48A2-9BB7-10A028AB1127}.Release|Any CPU.Build.0 = Release|Any CPU
	EndGlobalSection
	GlobalSection(SolutionProperties) = preSolution
		HideSolutionNode = FALSE
	EndGlobalSection
	GlobalSection(ExtensibilityGlobals) = postSolution
		SolutionGuid = {8C4FE6A1-1BBA-4B44-9AE0-E8FADA0CD9F7}
	EndGlobalSection
EndGlobal
